
Microsoft Visual Studio Solution File, Format Version 12.00
# Visual Studio Version 17
VisualStudioVersion = 17.4.33103.184
MinimumVisualStudioVersion = 10.0.40219.1
Project("{2150E333-8FDC-42A3-9474-1A3956D46DE8}") = "ShopManagement", "ShopManagement", "{ACF72661-BF42-41AE-9F96-60D97567C9B7}"
EndProject
Project("{2150E333-8FDC-42A3-9474-1A3956D46DE8}") = "SM.Domain", "SM.Domain", "{F3E9F349-32FE-4E0D-BAC8-C7BBAD76F344}"
EndProject
Project("{2150E333-8FDC-42A3-9474-1A3956D46DE8}") = "SM.Application", "SM.Application", "{DD42F79A-1A05-49A6-AE00-D575E0E05239}"
EndProject
Project("{2150E333-8FDC-42A3-9474-1A3956D46DE8}") = "SM.Infrastrure", "SM.Infrastrure", "{C6D1F503-187F-4CDA-B478-F5D4252942FE}"
EndProject
Project("{9A19103F-16F7-4668-BE54-9A1E7A4F7556}") = "ShopManagement.Domain", "ShopManagement.Domain\ShopManagement.Domain.csproj", "{4D30986F-6C7C-49AD-B937-6B600CD46175}"
EndProject
Project("{9A19103F-16F7-4668-BE54-9A1E7A4F7556}") = "0_FrameWork", "0_FrameWork\0_FrameWork.csproj", "{D1D072A7-8F8A-4744-AA00-3F8278E77E0E}"
EndProject
Project("{9A19103F-16F7-4668-BE54-9A1E7A4F7556}") = "ShopManagement.Application.Contract", "ShopManagement.Application.Contract\ShopManagement.Application.Contract.csproj", "{B7219ADE-A931-43B5-A6FA-1FDF2A79C79A}"
EndProject
Project("{9A19103F-16F7-4668-BE54-9A1E7A4F7556}") = "ShopManagement.Application", "ShopManagement.Application\ShopManagement.Application.csproj", "{0E03BABF-BABB-407C-8123-F2175C87DEA1}"
EndProject
Project("{9A19103F-16F7-4668-BE54-9A1E7A4F7556}") = "ShopManagement.Infrastrure.EFCore", "ShopManagement.Infrastrure.EFCore\ShopManagement.Infrastrure.EFCore.csproj", "{5B11F93A-8ABB-49F4-98B3-25E0FCB1DA4F}"
EndProject
Project("{9A19103F-16F7-4668-BE54-9A1E7A4F7556}") = "ShopManagement.Infrastrure.Configuration", "ShopManagement.Infrastrure.Configuration\ShopManagement.Infrastrure.Configuration.csproj", "{599FA3DD-611E-4409-BE96-F7D98B68D19C}"
EndProject
Project("{9A19103F-16F7-4668-BE54-9A1E7A4F7556}") = "ServiceHost", "ServiceHost\ServiceHost.csproj", "{23CDE4CD-8225-4543-A6A2-7D6000AE0697}"
EndProject
Global
	GlobalSection(SolutionConfigurationPlatforms) = preSolution
		Debug|Any CPU = Debug|Any CPU
		Release|Any CPU = Release|Any CPU
	EndGlobalSection
	GlobalSection(ProjectConfigurationPlatforms) = postSolution
		{4D30986F-6C7C-49AD-B937-6B600CD46175}.Debug|Any CPU.ActiveCfg = Debug|Any CPU
		{4D30986F-6C7C-49AD-B937-6B600CD46175}.Debug|Any CPU.Build.0 = Debug|Any CPU
		{4D30986F-6C7C-49AD-B937-6B600CD46175}.Release|Any CPU.ActiveCfg = Release|Any CPU
		{4D30986F-6C7C-49AD-B937-6B600CD46175}.Release|Any CPU.Build.0 = Release|Any CPU
		{D1D072A7-8F8A-4744-AA00-3F8278E77E0E}.Debug|Any CPU.ActiveCfg = Debug|Any CPU
		{D1D072A7-8F8A-4744-AA00-3F8278E77E0E}.Debug|Any CPU.Build.0 = Debug|Any CPU
		{D1D072A7-8F8A-4744-AA00-3F8278E77E0E}.Release|Any CPU.ActiveCfg = Release|Any CPU
		{D1D072A7-8F8A-4744-AA00-3F8278E77E0E}.Release|Any CPU.Build.0 = Release|Any CPU
		{B7219ADE-A931-43B5-A6FA-1FDF2A79C79A}.Debug|Any CPU.ActiveCfg = Debug|Any CPU
		{B7219ADE-A931-43B5-A6FA-1FDF2A79C79A}.Debug|Any CPU.Build.0 = Debug|Any CPU
		{B7219ADE-A931-43B5-A6FA-1FDF2A79C79A}.Release|Any CPU.ActiveCfg = Release|Any CPU
		{B7219ADE-A931-43B5-A6FA-1FDF2A79C79A}.Release|Any CPU.Build.0 = Release|Any CPU
		{0E03BABF-BABB-407C-8123-F2175C87DEA1}.Debug|Any CPU.ActiveCfg = Debug|Any CPU
		{0E03BABF-BABB-407C-8123-F2175C87DEA1}.Debug|Any CPU.Build.0 = Debug|Any CPU
		{0E03BABF-BABB-407C-8123-F2175C87DEA1}.Release|Any CPU.ActiveCfg = Release|Any CPU
		{0E03BABF-BABB-407C-8123-F2175C87DEA1}.Release|Any CPU.Build.0 = Release|Any CPU
		{5B11F93A-8ABB-49F4-98B3-25E0FCB1DA4F}.Debug|Any CPU.ActiveCfg = Debug|Any CPU
		{5B11F93A-8ABB-49F4-98B3-25E0FCB1DA4F}.Debug|Any CPU.Build.0 = Debug|Any CPU
		{5B11F93A-8ABB-49F4-98B3-25E0FCB1DA4F}.Release|Any CPU.ActiveCfg = Release|Any CPU
		{5B11F93A-8ABB-49F4-98B3-25E0FCB1DA4F}.Release|Any CPU.Build.0 = Release|Any CPU
		{599FA3DD-611E-4409-BE96-F7D98B68D19C}.Debug|Any CPU.ActiveCfg = Debug|Any CPU
		{599FA3DD-611E-4409-BE96-F7D98B68D19C}.Debug|Any CPU.Build.0 = Debug|Any CPU
		{599FA3DD-611E-4409-BE96-F7D98B68D19C}.Release|Any CPU.ActiveCfg = Release|Any CPU
		{599FA3DD-611E-4409-BE96-F7D98B68D19C}.Release|Any CPU.Build.0 = Release|Any CPU
		{23CDE4CD-8225-4543-A6A2-7D6000AE0697}.Debug|Any CPU.ActiveCfg = Debug|Any CPU
		{23CDE4CD-8225-4543-A6A2-7D6000AE0697}.Debug|Any CPU.Build.0 = Debug|Any CPU
		{23CDE4CD-8225-4543-A6A2-7D6000AE0697}.Release|Any CPU.ActiveCfg = Release|Any CPU
		{23CDE4CD-8225-4543-A6A2-7D6000AE0697}.Release|Any CPU.Build.0 = Release|Any CPU
	EndGlobalSection
	GlobalSection(SolutionProperties) = preSolution
		HideSolutionNode = FALSE
	EndGlobalSection
	GlobalSection(NestedProjects) = preSolution
		{F3E9F349-32FE-4E0D-BAC8-C7BBAD76F344} = {ACF72661-BF42-41AE-9F96-60D97567C9B7}
		{DD42F79A-1A05-49A6-AE00-D575E0E05239} = {ACF72661-BF42-41AE-9F96-60D97567C9B7}
		{C6D1F503-187F-4CDA-B478-F5D4252942FE} = {ACF72661-BF42-41AE-9F96-60D97567C9B7}
		{4D30986F-6C7C-49AD-B937-6B600CD46175} = {F3E9F349-32FE-4E0D-BAC8-C7BBAD76F344}
		{B7219ADE-A931-43B5-A6FA-1FDF2A79C79A} = {DD42F79A-1A05-49A6-AE00-D575E0E05239}
		{0E03BABF-BABB-407C-8123-F2175C87DEA1} = {DD42F79A-1A05-49A6-AE00-D575E0E05239}
		{5B11F93A-8ABB-49F4-98B3-25E0FCB1DA4F} = {C6D1F503-187F-4CDA-B478-F5D4252942FE}
		{599FA3DD-611E-4409-BE96-F7D98B68D19C} = {C6D1F503-187F-4CDA-B478-F5D4252942FE}
	EndGlobalSection
	GlobalSection(ExtensibilityGlobals) = postSolution
		SolutionGuid = {5A6407E0-D6CE-4A6B-A5EF-A09D33859768}
	EndGlobalSection
EndGlobal
