
Microsoft Visual Studio Solution File, Format Version 12.00
# Visual Studio Version 16
VisualStudioVersion = 16.0.32630.194
MinimumVisualStudioVersion = 10.0.40219.1
Project("{2150E333-8FDC-42A3-9474-1A3956D46DE8}") = "ShopManagement", "ShopManagement", "{9BF0BC08-FF81-456E-9A42-CEC829CC2DEC}"
EndProject
Project("{2150E333-8FDC-42A3-9474-1A3956D46DE8}") = "SM.Application", "SM.Application", "{6F3AE89F-02B0-4431-90F5-8C5059B0CE5F}"
EndProject
Project("{2150E333-8FDC-42A3-9474-1A3956D46DE8}") = "SM.Domain", "SM.Domain", "{A96E4D32-396D-41B8-8CFA-FE3FEA842AE2}"
EndProject
Project("{2150E333-8FDC-42A3-9474-1A3956D46DE8}") = "SM.Infrastrure", "SM.Infrastrure", "{3ED33882-7E3D-46CF-B8DA-9A804F02ADA8}"
EndProject
Global
	GlobalSection(SolutionProperties) = preSolution
		HideSolutionNode = FALSE
	EndGlobalSection
	GlobalSection(NestedProjects) = preSolution
		{6F3AE89F-02B0-4431-90F5-8C5059B0CE5F} = {9BF0BC08-FF81-456E-9A42-CEC829CC2DEC}
		{A96E4D32-396D-41B8-8CFA-FE3FEA842AE2} = {9BF0BC08-FF81-456E-9A42-CEC829CC2DEC}
		{3ED33882-7E3D-46CF-B8DA-9A804F02ADA8} = {9BF0BC08-FF81-456E-9A42-CEC829CC2DEC}
	EndGlobalSection
	GlobalSection(ExtensibilityGlobals) = postSolution
		SolutionGuid = {5A6407E0-D6CE-4A6B-A5EF-A09D33859768}
	EndGlobalSection
EndGlobal
