
Microsoft Visual Studio Solution File, Format Version 12.00
# Visual Studio Version 17
VisualStudioVersion = 17.4.33103.184
MinimumVisualStudioVersion = 10.0.40219.1
Project("{2150E333-8FDC-42A3-9474-1A3956D46DE8}") = "ShopManagement", "ShopManagement", "{ACF72661-BF42-41AE-9F96-60D97567C9B7}"
EndProject
Project("{2150E333-8FDC-42A3-9474-1A3956D46DE8}") = "SM.Domain", "SM.Domain", "{F3E9F349-32FE-4E0D-BAC8-C7BBAD76F344}"
EndProject
Project("{2150E333-8FDC-42A3-9474-1A3956D46DE8}") = "SM.Application", "SM.Application", "{DD42F79A-1A05-49A6-AE00-D575E0E05239}"
EndProject
Project("{2150E333-8FDC-42A3-9474-1A3956D46DE8}") = "SM.Infrastrure", "SM.Infrastrure", "{C6D1F503-187F-4CDA-B478-F5D4252942FE}"
EndProject
Project("{9A19103F-16F7-4668-BE54-9A1E7A4F7556}") = "ShopManagement.Domain", "ShopManagement.Domain\ShopManagement.Domain.csproj", "{4D30986F-6C7C-49AD-B937-6B600CD46175}"
EndProject
Project("{9A19103F-16F7-4668-BE54-9A1E7A4F7556}") = "0_FrameWork", "0_FrameWork\0_FrameWork.csproj", "{D1D072A7-8F8A-4744-AA00-3F8278E77E0E}"
EndProject
Project("{9A19103F-16F7-4668-BE54-9A1E7A4F7556}") = "ShopManagement.Application.Contract", "ShopManagement.Application.Contract\ShopManagement.Application.Contract.csproj", "{B7219ADE-A931-43B5-A6FA-1FDF2A79C79A}"
EndProject
Project("{9A19103F-16F7-4668-BE54-9A1E7A4F7556}") = "ShopManagement.Application", "ShopManagement.Application\ShopManagement.Application.csproj", "{0E03BABF-BABB-407C-8123-F2175C87DEA1}"
EndProject
Project("{9A19103F-16F7-4668-BE54-9A1E7A4F7556}") = "ShopManagement.Infrastrure.EFCore", "ShopManagement.Infrastrure.EFCore\ShopManagement.Infrastrure.EFCore.csproj", "{5B11F93A-8ABB-49F4-98B3-25E0FCB1DA4F}"
EndProject
Project("{9A19103F-16F7-4668-BE54-9A1E7A4F7556}") = "ShopManagement.Infrastrure.Configuration", "ShopManagement.Infrastrure.Configuration\ShopManagement.Infrastrure.Configuration.csproj", "{599FA3DD-611E-4409-BE96-F7D98B68D19C}"
EndProject
Project("{9A19103F-16F7-4668-BE54-9A1E7A4F7556}") = "01_DigiDigoQuery", "01_DigiDigoQuery\01_DigiDigoQuery.csproj", "{E79D9534-8DBE-44BE-AFBA-BA95E654CCCD}"
EndProject
Project("{9A19103F-16F7-4668-BE54-9A1E7A4F7556}") = "ServiceHost", "ServiceHost\ServiceHost.csproj", "{9F7729A4-6056-4BEA-B47A-71F21EFE6F2F}"
EndProject
Project("{2150E333-8FDC-42A3-9474-1A3956D46DE8}") = "DisCountManagement", "DisCountManagement", "{778F834C-2EB5-4201-B6FC-BC12BC9E2ED3}"
EndProject
Project("{2150E333-8FDC-42A3-9474-1A3956D46DE8}") = "DM.Domain", "DM.Domain", "{176445FC-60E5-4C66-AF3A-EDD4DB834B9B}"
EndProject
Project("{2150E333-8FDC-42A3-9474-1A3956D46DE8}") = "DM.Application", "DM.Application", "{E57704B5-CA7E-43D9-9740-4FBC638295D4}"
EndProject
Project("{2150E333-8FDC-42A3-9474-1A3956D46DE8}") = "DM.Infrastrue", "DM.Infrastrue", "{F5EC7577-D348-44EC-A9D3-B798D16A5879}"
EndProject
Project("{9A19103F-16F7-4668-BE54-9A1E7A4F7556}") = "DisCountManagement.Domain", "DisCountManagement.Domain\DisCountManagement.Domain.csproj", "{633A832D-23E4-4549-B6C6-F7038811425E}"
EndProject
Project("{9A19103F-16F7-4668-BE54-9A1E7A4F7556}") = "DisCountManagement.Application.Contract", "DisCountManagement.Application.Contract\DisCountManagement.Application.Contract.csproj", "{F63065C2-F0A6-4410-839F-4575F9F142F4}"
EndProject
Project("{9A19103F-16F7-4668-BE54-9A1E7A4F7556}") = "DisCountManagement.Application", "DisCountManagement.Application\DisCountManagement.Application.csproj", "{C86841AD-8499-494E-9AB8-7E901AC61492}"
EndProject
Project("{9A19103F-16F7-4668-BE54-9A1E7A4F7556}") = "DisCountManagement.Infrastrue.EFCore", "DisCountManagement.Infrastrue.EFCore\DisCountManagement.Infrastrue.EFCore.csproj", "{F85AA0A2-639D-4837-9CBA-06DE58F537CF}"
EndProject
Project("{9A19103F-16F7-4668-BE54-9A1E7A4F7556}") = "DisCountManagement.Infrastrure.Configuration", "DisCountManagement.Infrastrure.Configuration\DisCountManagement.Infrastrure.Configuration.csproj", "{45DF2950-E4CA-4E2E-9575-D56F42B8DC24}"
EndProject
Project("{2150E333-8FDC-42A3-9474-1A3956D46DE8}") = "InventoryManagement", "InventoryManagement", "{507D8763-BF3E-4DC4-8A7E-DB7134AD9788}"
EndProject
Project("{2150E333-8FDC-42A3-9474-1A3956D46DE8}") = "IM.Domain", "IM.Domain", "{513E615B-83D2-451E-B2F5-D2A89E082E4A}"
EndProject
Project("{2150E333-8FDC-42A3-9474-1A3956D46DE8}") = "IM.Application", "IM.Application", "{D11F04C4-8FFD-413E-AE36-1ABE0945D140}"
EndProject
Project("{2150E333-8FDC-42A3-9474-1A3956D46DE8}") = "IM.Infrastrure", "IM.Infrastrure", "{BAA0B85B-D717-40CA-AA27-BFECA7C30F08}"
EndProject
Project("{FAE04EC0-301F-11D3-BF4B-00C04F79EFBC}") = "InventoryManagement.Domain", "InventoryManagement.Domain\InventoryManagement.Domain.csproj", "{4274993D-00B2-437A-B298-2343F26C4755}"
EndProject
Project("{FAE04EC0-301F-11D3-BF4B-00C04F79EFBC}") = "InventoryManagement.Application.Contract", "InventoryManagement.Application.Contract\InventoryManagement.Application.Contract.csproj", "{466E7312-BE9E-4E12-B48C-CDB09E3EF2AE}"
EndProject
Project("{FAE04EC0-301F-11D3-BF4B-00C04F79EFBC}") = "InventoryManagement.Application", "InventoryManagement.Application\InventoryManagement.Application.csproj", "{5DB9A7C7-5291-47E3-B606-D02BC00B46AC}"
EndProject
Project("{FAE04EC0-301F-11D3-BF4B-00C04F79EFBC}") = "InventoryManagement.Infrastrure.EFCore", "InventoryManagement.Infrastrure.EFCore\InventoryManagement.Infrastrure.EFCore.csproj", "{38D2CEEB-BC3E-44D1-93F9-CD39C1141A48}"
EndProject
Project("{FAE04EC0-301F-11D3-BF4B-00C04F79EFBC}") = "InventoryManagement.Infrastrure.Configuration", "InventoryManagement.Infrastrure.Configuration\InventoryManagement.Infrastrure.Configuration.csproj", "{6B34BACD-D8DA-44C1-87E6-6B68F6B91952}"
EndProject
Global
	GlobalSection(SolutionConfigurationPlatforms) = preSolution
		Debug|Any CPU = Debug|Any CPU
		Release|Any CPU = Release|Any CPU
	EndGlobalSection
	GlobalSection(ProjectConfigurationPlatforms) = postSolution
		{4D30986F-6C7C-49AD-B937-6B600CD46175}.Debug|Any CPU.ActiveCfg = Debug|Any CPU
		{4D30986F-6C7C-49AD-B937-6B600CD46175}.Debug|Any CPU.Build.0 = Debug|Any CPU
		{4D30986F-6C7C-49AD-B937-6B600CD46175}.Release|Any CPU.ActiveCfg = Release|Any CPU
		{4D30986F-6C7C-49AD-B937-6B600CD46175}.Release|Any CPU.Build.0 = Release|Any CPU
		{D1D072A7-8F8A-4744-AA00-3F8278E77E0E}.Debug|Any CPU.ActiveCfg = Debug|Any CPU
		{D1D072A7-8F8A-4744-AA00-3F8278E77E0E}.Debug|Any CPU.Build.0 = Debug|Any CPU
		{D1D072A7-8F8A-4744-AA00-3F8278E77E0E}.Release|Any CPU.ActiveCfg = Release|Any CPU
		{D1D072A7-8F8A-4744-AA00-3F8278E77E0E}.Release|Any CPU.Build.0 = Release|Any CPU
		{B7219ADE-A931-43B5-A6FA-1FDF2A79C79A}.Debug|Any CPU.ActiveCfg = Debug|Any CPU
		{B7219ADE-A931-43B5-A6FA-1FDF2A79C79A}.Debug|Any CPU.Build.0 = Debug|Any CPU
		{B7219ADE-A931-43B5-A6FA-1FDF2A79C79A}.Release|Any CPU.ActiveCfg = Release|Any CPU
		{B7219ADE-A931-43B5-A6FA-1FDF2A79C79A}.Release|Any CPU.Build.0 = Release|Any CPU
		{0E03BABF-BABB-407C-8123-F2175C87DEA1}.Debug|Any CPU.ActiveCfg = Debug|Any CPU
		{0E03BABF-BABB-407C-8123-F2175C87DEA1}.Debug|Any CPU.Build.0 = Debug|Any CPU
		{0E03BABF-BABB-407C-8123-F2175C87DEA1}.Release|Any CPU.ActiveCfg = Release|Any CPU
		{0E03BABF-BABB-407C-8123-F2175C87DEA1}.Release|Any CPU.Build.0 = Release|Any CPU
		{5B11F93A-8ABB-49F4-98B3-25E0FCB1DA4F}.Debug|Any CPU.ActiveCfg = Debug|Any CPU
		{5B11F93A-8ABB-49F4-98B3-25E0FCB1DA4F}.Debug|Any CPU.Build.0 = Debug|Any CPU
		{5B11F93A-8ABB-49F4-98B3-25E0FCB1DA4F}.Release|Any CPU.ActiveCfg = Release|Any CPU
		{5B11F93A-8ABB-49F4-98B3-25E0FCB1DA4F}.Release|Any CPU.Build.0 = Release|Any CPU
		{599FA3DD-611E-4409-BE96-F7D98B68D19C}.Debug|Any CPU.ActiveCfg = Debug|Any CPU
		{599FA3DD-611E-4409-BE96-F7D98B68D19C}.Debug|Any CPU.Build.0 = Debug|Any CPU
		{599FA3DD-611E-4409-BE96-F7D98B68D19C}.Release|Any CPU.ActiveCfg = Release|Any CPU
		{599FA3DD-611E-4409-BE96-F7D98B68D19C}.Release|Any CPU.Build.0 = Release|Any CPU
		{E79D9534-8DBE-44BE-AFBA-BA95E654CCCD}.Debug|Any CPU.ActiveCfg = Debug|Any CPU
		{E79D9534-8DBE-44BE-AFBA-BA95E654CCCD}.Debug|Any CPU.Build.0 = Debug|Any CPU
		{E79D9534-8DBE-44BE-AFBA-BA95E654CCCD}.Release|Any CPU.ActiveCfg = Release|Any CPU
		{E79D9534-8DBE-44BE-AFBA-BA95E654CCCD}.Release|Any CPU.Build.0 = Release|Any CPU
		{9F7729A4-6056-4BEA-B47A-71F21EFE6F2F}.Debug|Any CPU.ActiveCfg = Debug|Any CPU
		{9F7729A4-6056-4BEA-B47A-71F21EFE6F2F}.Debug|Any CPU.Build.0 = Debug|Any CPU
		{9F7729A4-6056-4BEA-B47A-71F21EFE6F2F}.Release|Any CPU.ActiveCfg = Release|Any CPU
		{9F7729A4-6056-4BEA-B47A-71F21EFE6F2F}.Release|Any CPU.Build.0 = Release|Any CPU
		{633A832D-23E4-4549-B6C6-F7038811425E}.Debug|Any CPU.ActiveCfg = Debug|Any CPU
		{633A832D-23E4-4549-B6C6-F7038811425E}.Debug|Any CPU.Build.0 = Debug|Any CPU
		{633A832D-23E4-4549-B6C6-F7038811425E}.Release|Any CPU.ActiveCfg = Release|Any CPU
		{633A832D-23E4-4549-B6C6-F7038811425E}.Release|Any CPU.Build.0 = Release|Any CPU
		{F63065C2-F0A6-4410-839F-4575F9F142F4}.Debug|Any CPU.ActiveCfg = Debug|Any CPU
		{F63065C2-F0A6-4410-839F-4575F9F142F4}.Debug|Any CPU.Build.0 = Debug|Any CPU
		{F63065C2-F0A6-4410-839F-4575F9F142F4}.Release|Any CPU.ActiveCfg = Release|Any CPU
		{F63065C2-F0A6-4410-839F-4575F9F142F4}.Release|Any CPU.Build.0 = Release|Any CPU
		{C86841AD-8499-494E-9AB8-7E901AC61492}.Debug|Any CPU.ActiveCfg = Debug|Any CPU
		{C86841AD-8499-494E-9AB8-7E901AC61492}.Debug|Any CPU.Build.0 = Debug|Any CPU
		{C86841AD-8499-494E-9AB8-7E901AC61492}.Release|Any CPU.ActiveCfg = Release|Any CPU
		{C86841AD-8499-494E-9AB8-7E901AC61492}.Release|Any CPU.Build.0 = Release|Any CPU
		{F85AA0A2-639D-4837-9CBA-06DE58F537CF}.Debug|Any CPU.ActiveCfg = Debug|Any CPU
		{F85AA0A2-639D-4837-9CBA-06DE58F537CF}.Debug|Any CPU.Build.0 = Debug|Any CPU
		{F85AA0A2-639D-4837-9CBA-06DE58F537CF}.Release|Any CPU.ActiveCfg = Release|Any CPU
		{F85AA0A2-639D-4837-9CBA-06DE58F537CF}.Release|Any CPU.Build.0 = Release|Any CPU
		{45DF2950-E4CA-4E2E-9575-D56F42B8DC24}.Debug|Any CPU.ActiveCfg = Debug|Any CPU
		{45DF2950-E4CA-4E2E-9575-D56F42B8DC24}.Debug|Any CPU.Build.0 = Debug|Any CPU
		{45DF2950-E4CA-4E2E-9575-D56F42B8DC24}.Release|Any CPU.ActiveCfg = Release|Any CPU
		{45DF2950-E4CA-4E2E-9575-D56F42B8DC24}.Release|Any CPU.Build.0 = Release|Any CPU
		{4274993D-00B2-437A-B298-2343F26C4755}.Debug|Any CPU.ActiveCfg = Debug|Any CPU
		{4274993D-00B2-437A-B298-2343F26C4755}.Debug|Any CPU.Build.0 = Debug|Any CPU
		{4274993D-00B2-437A-B298-2343F26C4755}.Release|Any CPU.ActiveCfg = Release|Any CPU
		{4274993D-00B2-437A-B298-2343F26C4755}.Release|Any CPU.Build.0 = Release|Any CPU
		{466E7312-BE9E-4E12-B48C-CDB09E3EF2AE}.Debug|Any CPU.ActiveCfg = Debug|Any CPU
		{466E7312-BE9E-4E12-B48C-CDB09E3EF2AE}.Debug|Any CPU.Build.0 = Debug|Any CPU
		{466E7312-BE9E-4E12-B48C-CDB09E3EF2AE}.Release|Any CPU.ActiveCfg = Release|Any CPU
		{466E7312-BE9E-4E12-B48C-CDB09E3EF2AE}.Release|Any CPU.Build.0 = Release|Any CPU
		{5DB9A7C7-5291-47E3-B606-D02BC00B46AC}.Debug|Any CPU.ActiveCfg = Debug|Any CPU
		{5DB9A7C7-5291-47E3-B606-D02BC00B46AC}.Debug|Any CPU.Build.0 = Debug|Any CPU
		{5DB9A7C7-5291-47E3-B606-D02BC00B46AC}.Release|Any CPU.ActiveCfg = Release|Any CPU
		{5DB9A7C7-5291-47E3-B606-D02BC00B46AC}.Release|Any CPU.Build.0 = Release|Any CPU
		{38D2CEEB-BC3E-44D1-93F9-CD39C1141A48}.Debug|Any CPU.ActiveCfg = Debug|Any CPU
		{38D2CEEB-BC3E-44D1-93F9-CD39C1141A48}.Debug|Any CPU.Build.0 = Debug|Any CPU
		{38D2CEEB-BC3E-44D1-93F9-CD39C1141A48}.Release|Any CPU.ActiveCfg = Release|Any CPU
		{38D2CEEB-BC3E-44D1-93F9-CD39C1141A48}.Release|Any CPU.Build.0 = Release|Any CPU
		{6B34BACD-D8DA-44C1-87E6-6B68F6B91952}.Debug|Any CPU.ActiveCfg = Debug|Any CPU
		{6B34BACD-D8DA-44C1-87E6-6B68F6B91952}.Debug|Any CPU.Build.0 = Debug|Any CPU
		{6B34BACD-D8DA-44C1-87E6-6B68F6B91952}.Release|Any CPU.ActiveCfg = Release|Any CPU
		{6B34BACD-D8DA-44C1-87E6-6B68F6B91952}.Release|Any CPU.Build.0 = Release|Any CPU
	EndGlobalSection
	GlobalSection(SolutionProperties) = preSolution
		HideSolutionNode = FALSE
	EndGlobalSection
	GlobalSection(NestedProjects) = preSolution
		{F3E9F349-32FE-4E0D-BAC8-C7BBAD76F344} = {ACF72661-BF42-41AE-9F96-60D97567C9B7}
		{DD42F79A-1A05-49A6-AE00-D575E0E05239} = {ACF72661-BF42-41AE-9F96-60D97567C9B7}
		{C6D1F503-187F-4CDA-B478-F5D4252942FE} = {ACF72661-BF42-41AE-9F96-60D97567C9B7}
		{4D30986F-6C7C-49AD-B937-6B600CD46175} = {F3E9F349-32FE-4E0D-BAC8-C7BBAD76F344}
		{B7219ADE-A931-43B5-A6FA-1FDF2A79C79A} = {DD42F79A-1A05-49A6-AE00-D575E0E05239}
		{0E03BABF-BABB-407C-8123-F2175C87DEA1} = {DD42F79A-1A05-49A6-AE00-D575E0E05239}
		{5B11F93A-8ABB-49F4-98B3-25E0FCB1DA4F} = {C6D1F503-187F-4CDA-B478-F5D4252942FE}
		{599FA3DD-611E-4409-BE96-F7D98B68D19C} = {C6D1F503-187F-4CDA-B478-F5D4252942FE}
		{176445FC-60E5-4C66-AF3A-EDD4DB834B9B} = {778F834C-2EB5-4201-B6FC-BC12BC9E2ED3}
		{E57704B5-CA7E-43D9-9740-4FBC638295D4} = {778F834C-2EB5-4201-B6FC-BC12BC9E2ED3}
		{F5EC7577-D348-44EC-A9D3-B798D16A5879} = {778F834C-2EB5-4201-B6FC-BC12BC9E2ED3}
		{633A832D-23E4-4549-B6C6-F7038811425E} = {176445FC-60E5-4C66-AF3A-EDD4DB834B9B}
		{F63065C2-F0A6-4410-839F-4575F9F142F4} = {E57704B5-CA7E-43D9-9740-4FBC638295D4}
		{C86841AD-8499-494E-9AB8-7E901AC61492} = {E57704B5-CA7E-43D9-9740-4FBC638295D4}
		{F85AA0A2-639D-4837-9CBA-06DE58F537CF} = {F5EC7577-D348-44EC-A9D3-B798D16A5879}
		{45DF2950-E4CA-4E2E-9575-D56F42B8DC24} = {F5EC7577-D348-44EC-A9D3-B798D16A5879}
		{513E615B-83D2-451E-B2F5-D2A89E082E4A} = {507D8763-BF3E-4DC4-8A7E-DB7134AD9788}
		{D11F04C4-8FFD-413E-AE36-1ABE0945D140} = {507D8763-BF3E-4DC4-8A7E-DB7134AD9788}
		{BAA0B85B-D717-40CA-AA27-BFECA7C30F08} = {507D8763-BF3E-4DC4-8A7E-DB7134AD9788}
		{4274993D-00B2-437A-B298-2343F26C4755} = {513E615B-83D2-451E-B2F5-D2A89E082E4A}
		{466E7312-BE9E-4E12-B48C-CDB09E3EF2AE} = {D11F04C4-8FFD-413E-AE36-1ABE0945D140}
		{5DB9A7C7-5291-47E3-B606-D02BC00B46AC} = {D11F04C4-8FFD-413E-AE36-1ABE0945D140}
		{38D2CEEB-BC3E-44D1-93F9-CD39C1141A48} = {BAA0B85B-D717-40CA-AA27-BFECA7C30F08}
		{6B34BACD-D8DA-44C1-87E6-6B68F6B91952} = {BAA0B85B-D717-40CA-AA27-BFECA7C30F08}
	EndGlobalSection
	GlobalSection(ExtensibilityGlobals) = postSolution
		SolutionGuid = {5A6407E0-D6CE-4A6B-A5EF-A09D33859768}
	EndGlobalSection
EndGlobal
